// !$*UTF8*$!
{
	archiveVersion = 1;
	classes = {
	};
	objectVersion = 46;
	objects = {

/* Begin PBXBuildFile section */
		4209E8611DF9162400727FF5 /* Place.swift in Sources */ = {isa = PBXBuildFile; fileRef = 4209E8601DF9162400727FF5 /* Place.swift */; };
		421473DD1DCC336500DF4DF7 /* BurritoItem.swift in Sources */ = {isa = PBXBuildFile; fileRef = 421473DC1DCC336500DF4DF7 /* BurritoItem.swift */; };
		42200D5F1DA5AA6100495C51 /* GoogleService-Info.plist in Resources */ = {isa = PBXBuildFile; fileRef = 42200D5E1DA5AA6100495C51 /* GoogleService-Info.plist */; };
		426098781DCECE1F00C22F17 /* RestaurantItem.swift in Sources */ = {isa = PBXBuildFile; fileRef = 426098771DCECE1F00C22F17 /* RestaurantItem.swift */; };
		4299ACE01DA5792C00C6F4D1 /* AppDelegate.swift in Sources */ = {isa = PBXBuildFile; fileRef = 4299ACDF1DA5792C00C6F4D1 /* AppDelegate.swift */; };
		4299ACE21DA5792C00C6F4D1 /* HomeViewController.swift in Sources */ = {isa = PBXBuildFile; fileRef = 4299ACE11DA5792C00C6F4D1 /* HomeViewController.swift */; };
		4299ACE51DA5792D00C6F4D1 /* Main.storyboard in Resources */ = {isa = PBXBuildFile; fileRef = 4299ACE31DA5792D00C6F4D1 /* Main.storyboard */; };
		4299ACE71DA5792D00C6F4D1 /* Assets.xcassets in Resources */ = {isa = PBXBuildFile; fileRef = 4299ACE61DA5792D00C6F4D1 /* Assets.xcassets */; };
		4299ACEA1DA5792D00C6F4D1 /* LaunchScreen.storyboard in Resources */ = {isa = PBXBuildFile; fileRef = 4299ACE81DA5792D00C6F4D1 /* LaunchScreen.storyboard */; };
		4299ACF51DA5792D00C6F4D1 /* best_burritoTests.swift in Sources */ = {isa = PBXBuildFile; fileRef = 4299ACF41DA5792D00C6F4D1 /* best_burritoTests.swift */; };
		4299AD001DA5792D00C6F4D1 /* best_burritoUITests.swift in Sources */ = {isa = PBXBuildFile; fileRef = 4299ACFF1DA5792D00C6F4D1 /* best_burritoUITests.swift */; };
		42A51DC51DB1E5BF0091FD8C /* FindViewController.swift in Sources */ = {isa = PBXBuildFile; fileRef = 42A51DC41DB1E5BF0091FD8C /* FindViewController.swift */; };
		42C7F7661DF221170023FBD8 /* DetailViewController.swift in Sources */ = {isa = PBXBuildFile; fileRef = 42C7F7651DF221170023FBD8 /* DetailViewController.swift */; };
		42EA0F0E1DA614E900D284CF /* RateViewController.swift in Sources */ = {isa = PBXBuildFile; fileRef = 42EA0F0D1DA614E900D284CF /* RateViewController.swift */; };
		57BFFE942AF9D418302D7487 /* Pods_best_burritoTests.framework in Frameworks */ = {isa = PBXBuildFile; fileRef = 5999E609616AD463CF8716AE /* Pods_best_burritoTests.framework */; };
		5F1A82062D5C1AAA70D9DFD2 /* Pods_best_burritoUITests.framework in Frameworks */ = {isa = PBXBuildFile; fileRef = 8D756119978E55B8559F508C /* Pods_best_burritoUITests.framework */; };
		7A97FC537719EDCCD9E1A6FC /* Pods_best_burrito.framework in Frameworks */ = {isa = PBXBuildFile; fileRef = E9D8176D24D817506D0CA1EB /* Pods_best_burrito.framework */; };
/* End PBXBuildFile section */

/* Begin PBXContainerItemProxy section */
		4299ACF11DA5792D00C6F4D1 /* PBXContainerItemProxy */ = {
			isa = PBXContainerItemProxy;
			containerPortal = 4299ACD41DA5792C00C6F4D1 /* Project object */;
			proxyType = 1;
			remoteGlobalIDString = 4299ACDB1DA5792C00C6F4D1;
			remoteInfo = "best-burrito";
		};
		4299ACFC1DA5792D00C6F4D1 /* PBXContainerItemProxy */ = {
			isa = PBXContainerItemProxy;
			containerPortal = 4299ACD41DA5792C00C6F4D1 /* Project object */;
			proxyType = 1;
			remoteGlobalIDString = 4299ACDB1DA5792C00C6F4D1;
			remoteInfo = "best-burrito";
		};
/* End PBXContainerItemProxy section */

/* Begin PBXFileReference section */
		4209E8601DF9162400727FF5 /* Place.swift */ = {isa = PBXFileReference; fileEncoding = 4; lastKnownFileType = sourcecode.swift; path = Place.swift; sourceTree = "<group>"; };
		4209E8621DFA274B00727FF5 /* best-burrito-Bridging-Header.h */ = {isa = PBXFileReference; lastKnownFileType = sourcecode.c.h; path = "best-burrito-Bridging-Header.h"; sourceTree = "<group>"; };
		421473DC1DCC336500DF4DF7 /* BurritoItem.swift */ = {isa = PBXFileReference; fileEncoding = 4; lastKnownFileType = sourcecode.swift; path = BurritoItem.swift; sourceTree = "<group>"; };
		42200D5E1DA5AA6100495C51 /* GoogleService-Info.plist */ = {isa = PBXFileReference; fileEncoding = 4; lastKnownFileType = text.plist.xml; path = "GoogleService-Info.plist"; sourceTree = "<group>"; };
		426098771DCECE1F00C22F17 /* RestaurantItem.swift */ = {isa = PBXFileReference; fileEncoding = 4; lastKnownFileType = sourcecode.swift; path = RestaurantItem.swift; sourceTree = "<group>"; };
		4299ACDC1DA5792C00C6F4D1 /* best-burrito.app */ = {isa = PBXFileReference; explicitFileType = wrapper.application; includeInIndex = 0; path = "best-burrito.app"; sourceTree = BUILT_PRODUCTS_DIR; };
		4299ACDF1DA5792C00C6F4D1 /* AppDelegate.swift */ = {isa = PBXFileReference; lastKnownFileType = sourcecode.swift; path = AppDelegate.swift; sourceTree = "<group>"; };
		4299ACE11DA5792C00C6F4D1 /* HomeViewController.swift */ = {isa = PBXFileReference; lastKnownFileType = sourcecode.swift; path = HomeViewController.swift; sourceTree = "<group>"; };
		4299ACE41DA5792D00C6F4D1 /* Base */ = {isa = PBXFileReference; lastKnownFileType = file.storyboard; name = Base; path = Base.lproj/Main.storyboard; sourceTree = "<group>"; };
		4299ACE61DA5792D00C6F4D1 /* Assets.xcassets */ = {isa = PBXFileReference; lastKnownFileType = folder.assetcatalog; path = Assets.xcassets; sourceTree = "<group>"; };
		4299ACE91DA5792D00C6F4D1 /* Base */ = {isa = PBXFileReference; lastKnownFileType = file.storyboard; name = Base; path = Base.lproj/LaunchScreen.storyboard; sourceTree = "<group>"; };
		4299ACEB1DA5792D00C6F4D1 /* Info.plist */ = {isa = PBXFileReference; lastKnownFileType = text.plist.xml; path = Info.plist; sourceTree = "<group>"; };
		4299ACF01DA5792D00C6F4D1 /* best-burritoTests.xctest */ = {isa = PBXFileReference; explicitFileType = wrapper.cfbundle; includeInIndex = 0; path = "best-burritoTests.xctest"; sourceTree = BUILT_PRODUCTS_DIR; };
		4299ACF41DA5792D00C6F4D1 /* best_burritoTests.swift */ = {isa = PBXFileReference; lastKnownFileType = sourcecode.swift; path = best_burritoTests.swift; sourceTree = "<group>"; };
		4299ACF61DA5792D00C6F4D1 /* Info.plist */ = {isa = PBXFileReference; lastKnownFileType = text.plist.xml; path = Info.plist; sourceTree = "<group>"; };
		4299ACFB1DA5792D00C6F4D1 /* best-burritoUITests.xctest */ = {isa = PBXFileReference; explicitFileType = wrapper.cfbundle; includeInIndex = 0; path = "best-burritoUITests.xctest"; sourceTree = BUILT_PRODUCTS_DIR; };
		4299ACFF1DA5792D00C6F4D1 /* best_burritoUITests.swift */ = {isa = PBXFileReference; lastKnownFileType = sourcecode.swift; path = best_burritoUITests.swift; sourceTree = "<group>"; };
		4299AD011DA5792D00C6F4D1 /* Info.plist */ = {isa = PBXFileReference; lastKnownFileType = text.plist.xml; path = Info.plist; sourceTree = "<group>"; };
		42A51DC41DB1E5BF0091FD8C /* FindViewController.swift */ = {isa = PBXFileReference; fileEncoding = 4; lastKnownFileType = sourcecode.swift; path = FindViewController.swift; sourceTree = "<group>"; };
		42C7F7651DF221170023FBD8 /* DetailViewController.swift */ = {isa = PBXFileReference; fileEncoding = 4; lastKnownFileType = sourcecode.swift; path = DetailViewController.swift; sourceTree = "<group>"; };
		42EA0F0D1DA614E900D284CF /* RateViewController.swift */ = {isa = PBXFileReference; fileEncoding = 4; lastKnownFileType = sourcecode.swift; path = RateViewController.swift; sourceTree = "<group>"; };
		4526C1D8A89302FD97A3F2BB /* Pods-best-burritoTests.debug.xcconfig */ = {isa = PBXFileReference; includeInIndex = 1; lastKnownFileType = text.xcconfig; name = "Pods-best-burritoTests.debug.xcconfig"; path = "Pods/Target Support Files/Pods-best-burritoTests/Pods-best-burritoTests.debug.xcconfig"; sourceTree = "<group>"; };
		454D246E52929FF883661825 /* Pods-best-burritoUITests.release.xcconfig */ = {isa = PBXFileReference; includeInIndex = 1; lastKnownFileType = text.xcconfig; name = "Pods-best-burritoUITests.release.xcconfig"; path = "Pods/Target Support Files/Pods-best-burritoUITests/Pods-best-burritoUITests.release.xcconfig"; sourceTree = "<group>"; };
		5999E609616AD463CF8716AE /* Pods_best_burritoTests.framework */ = {isa = PBXFileReference; explicitFileType = wrapper.framework; includeInIndex = 0; path = Pods_best_burritoTests.framework; sourceTree = BUILT_PRODUCTS_DIR; };
		8D756119978E55B8559F508C /* Pods_best_burritoUITests.framework */ = {isa = PBXFileReference; explicitFileType = wrapper.framework; includeInIndex = 0; path = Pods_best_burritoUITests.framework; sourceTree = BUILT_PRODUCTS_DIR; };
		92BE6862B2B0DA4C99B44325 /* Pods-best-burrito.release.xcconfig */ = {isa = PBXFileReference; includeInIndex = 1; lastKnownFileType = text.xcconfig; name = "Pods-best-burrito.release.xcconfig"; path = "Pods/Target Support Files/Pods-best-burrito/Pods-best-burrito.release.xcconfig"; sourceTree = "<group>"; };
		9F57D4DFE0C3DA8964F1813C /* Pods-best-burrito.debug.xcconfig */ = {isa = PBXFileReference; includeInIndex = 1; lastKnownFileType = text.xcconfig; name = "Pods-best-burrito.debug.xcconfig"; path = "Pods/Target Support Files/Pods-best-burrito/Pods-best-burrito.debug.xcconfig"; sourceTree = "<group>"; };
		AB99B3637785F4C637AE3F70 /* Pods-best-burritoTests.release.xcconfig */ = {isa = PBXFileReference; includeInIndex = 1; lastKnownFileType = text.xcconfig; name = "Pods-best-burritoTests.release.xcconfig"; path = "Pods/Target Support Files/Pods-best-burritoTests/Pods-best-burritoTests.release.xcconfig"; sourceTree = "<group>"; };
		E26B77A7C6E8EB10BEAE603F /* Pods-best-burritoUITests.debug.xcconfig */ = {isa = PBXFileReference; includeInIndex = 1; lastKnownFileType = text.xcconfig; name = "Pods-best-burritoUITests.debug.xcconfig"; path = "Pods/Target Support Files/Pods-best-burritoUITests/Pods-best-burritoUITests.debug.xcconfig"; sourceTree = "<group>"; };
		E9D8176D24D817506D0CA1EB /* Pods_best_burrito.framework */ = {isa = PBXFileReference; explicitFileType = wrapper.framework; includeInIndex = 0; path = Pods_best_burrito.framework; sourceTree = BUILT_PRODUCTS_DIR; };
/* End PBXFileReference section */

/* Begin PBXFrameworksBuildPhase section */
		4299ACD91DA5792C00C6F4D1 /* Frameworks */ = {
			isa = PBXFrameworksBuildPhase;
			buildActionMask = 2147483647;
			files = (
				7A97FC537719EDCCD9E1A6FC /* Pods_best_burrito.framework in Frameworks */,
			);
			runOnlyForDeploymentPostprocessing = 0;
		};
		4299ACED1DA5792D00C6F4D1 /* Frameworks */ = {
			isa = PBXFrameworksBuildPhase;
			buildActionMask = 2147483647;
			files = (
				57BFFE942AF9D418302D7487 /* Pods_best_burritoTests.framework in Frameworks */,
			);
			runOnlyForDeploymentPostprocessing = 0;
		};
		4299ACF81DA5792D00C6F4D1 /* Frameworks */ = {
			isa = PBXFrameworksBuildPhase;
			buildActionMask = 2147483647;
			files = (
				5F1A82062D5C1AAA70D9DFD2 /* Pods_best_burritoUITests.framework in Frameworks */,
			);
			runOnlyForDeploymentPostprocessing = 0;
		};
/* End PBXFrameworksBuildPhase section */

/* Begin PBXGroup section */
		1F0ED9AD7F19E50A42443AD9 /* Frameworks */ = {
			isa = PBXGroup;
			children = (
				E9D8176D24D817506D0CA1EB /* Pods_best_burrito.framework */,
				5999E609616AD463CF8716AE /* Pods_best_burritoTests.framework */,
				8D756119978E55B8559F508C /* Pods_best_burritoUITests.framework */,
			);
			name = Frameworks;
			sourceTree = "<group>";
		};
		421473DF1DCC376800DF4DF7 /* Controllers */ = {
			isa = PBXGroup;
			children = (
				4299ACE11DA5792C00C6F4D1 /* HomeViewController.swift */,
				42EA0F0D1DA614E900D284CF /* RateViewController.swift */,
				42A51DC41DB1E5BF0091FD8C /* FindViewController.swift */,
				42C7F7651DF221170023FBD8 /* DetailViewController.swift */,
			);
			name = Controllers;
			sourceTree = "<group>";
		};
		421473E01DCC377400DF4DF7 /* Models */ = {
			isa = PBXGroup;
			children = (
				421473DC1DCC336500DF4DF7 /* BurritoItem.swift */,
				426098771DCECE1F00C22F17 /* RestaurantItem.swift */,
				4209E8601DF9162400727FF5 /* Place.swift */,
			);
			name = Models;
			sourceTree = "<group>";
		};
		421473E11DCC379000DF4DF7 /* Layouts */ = {
			isa = PBXGroup;
			children = (
				4299ACE31DA5792D00C6F4D1 /* Main.storyboard */,
				4299ACE81DA5792D00C6F4D1 /* LaunchScreen.storyboard */,
			);
			name = Layouts;
			sourceTree = "<group>";
		};
		421473E21DCC37B000DF4DF7 /* Other */ = {
			isa = PBXGroup;
			children = (
				4299ACDF1DA5792C00C6F4D1 /* AppDelegate.swift */,
			);
			name = Other;
			sourceTree = "<group>";
		};
		421473E31DCC37CE00DF4DF7 /* Supporting Files */ = {
			isa = PBXGroup;
			children = (
				4299ACEB1DA5792D00C6F4D1 /* Info.plist */,
			);
			name = "Supporting Files";
			sourceTree = "<group>";
		};
		4299ACD31DA5792C00C6F4D1 = {
			isa = PBXGroup;
			children = (
				4299ACDE1DA5792C00C6F4D1 /* best-burrito */,
				4299ACF31DA5792D00C6F4D1 /* best-burritoTests */,
				4299ACFE1DA5792D00C6F4D1 /* best-burritoUITests */,
				4299ACDD1DA5792C00C6F4D1 /* Products */,
				70883A3FCD6B3C2C4C04B235 /* Pods */,
				1F0ED9AD7F19E50A42443AD9 /* Frameworks */,
			);
			sourceTree = "<group>";
		};
		4299ACDD1DA5792C00C6F4D1 /* Products */ = {
			isa = PBXGroup;
			children = (
				4299ACDC1DA5792C00C6F4D1 /* best-burrito.app */,
				4299ACF01DA5792D00C6F4D1 /* best-burritoTests.xctest */,
				4299ACFB1DA5792D00C6F4D1 /* best-burritoUITests.xctest */,
			);
			name = Products;
			sourceTree = "<group>";
		};
		4299ACDE1DA5792C00C6F4D1 /* best-burrito */ = {
			isa = PBXGroup;
			children = (
				42200D5E1DA5AA6100495C51 /* GoogleService-Info.plist */,
				421473E01DCC377400DF4DF7 /* Models */,
				421473DF1DCC376800DF4DF7 /* Controllers */,
				421473E11DCC379000DF4DF7 /* Layouts */,
				4299ACE61DA5792D00C6F4D1 /* Assets.xcassets */,
				421473E21DCC37B000DF4DF7 /* Other */,
				421473E31DCC37CE00DF4DF7 /* Supporting Files */,
				4209E8621DFA274B00727FF5 /* best-burrito-Bridging-Header.h */,
			);
			path = "best-burrito";
			sourceTree = "<group>";
		};
		4299ACF31DA5792D00C6F4D1 /* best-burritoTests */ = {
			isa = PBXGroup;
			children = (
				4299ACF41DA5792D00C6F4D1 /* best_burritoTests.swift */,
				4299ACF61DA5792D00C6F4D1 /* Info.plist */,
			);
			path = "best-burritoTests";
			sourceTree = "<group>";
		};
		4299ACFE1DA5792D00C6F4D1 /* best-burritoUITests */ = {
			isa = PBXGroup;
			children = (
				4299ACFF1DA5792D00C6F4D1 /* best_burritoUITests.swift */,
				4299AD011DA5792D00C6F4D1 /* Info.plist */,
			);
			path = "best-burritoUITests";
			sourceTree = "<group>";
		};
		70883A3FCD6B3C2C4C04B235 /* Pods */ = {
			isa = PBXGroup;
			children = (
				9F57D4DFE0C3DA8964F1813C /* Pods-best-burrito.debug.xcconfig */,
				92BE6862B2B0DA4C99B44325 /* Pods-best-burrito.release.xcconfig */,
				4526C1D8A89302FD97A3F2BB /* Pods-best-burritoTests.debug.xcconfig */,
				AB99B3637785F4C637AE3F70 /* Pods-best-burritoTests.release.xcconfig */,
				E26B77A7C6E8EB10BEAE603F /* Pods-best-burritoUITests.debug.xcconfig */,
				454D246E52929FF883661825 /* Pods-best-burritoUITests.release.xcconfig */,
			);
			name = Pods;
			sourceTree = "<group>";
		};
/* End PBXGroup section */

/* Begin PBXNativeTarget section */
		4299ACDB1DA5792C00C6F4D1 /* best-burrito */ = {
			isa = PBXNativeTarget;
			buildConfigurationList = 4299AD041DA5792D00C6F4D1 /* Build configuration list for PBXNativeTarget "best-burrito" */;
			buildPhases = (
				D2F791DB2F73BF5C4C01A6C4 /* [CP] Check Pods Manifest.lock */,
				4299ACD81DA5792C00C6F4D1 /* Sources */,
				4299ACD91DA5792C00C6F4D1 /* Frameworks */,
				4299ACDA1DA5792C00C6F4D1 /* Resources */,
				8C185882D4FDCCC13BDFA2BC /* [CP] Embed Pods Frameworks */,
				E7BC11B1209DDC88C9029262 /* [CP] Copy Pods Resources */,
			);
			buildRules = (
			);
			dependencies = (
			);
			name = "best-burrito";
			productName = "best-burrito";
			productReference = 4299ACDC1DA5792C00C6F4D1 /* best-burrito.app */;
			productType = "com.apple.product-type.application";
		};
		4299ACEF1DA5792D00C6F4D1 /* best-burritoTests */ = {
			isa = PBXNativeTarget;
			buildConfigurationList = 4299AD071DA5792D00C6F4D1 /* Build configuration list for PBXNativeTarget "best-burritoTests" */;
			buildPhases = (
				6F69403D553C8C80F10CE0F8 /* [CP] Check Pods Manifest.lock */,
				4299ACEC1DA5792D00C6F4D1 /* Sources */,
				4299ACED1DA5792D00C6F4D1 /* Frameworks */,
				4299ACEE1DA5792D00C6F4D1 /* Resources */,
				DFB674200086FEC27C19A7DC /* [CP] Embed Pods Frameworks */,
				05900D961029C110BD194120 /* [CP] Copy Pods Resources */,
			);
			buildRules = (
			);
			dependencies = (
				4299ACF21DA5792D00C6F4D1 /* PBXTargetDependency */,
			);
			name = "best-burritoTests";
			productName = "best-burritoTests";
			productReference = 4299ACF01DA5792D00C6F4D1 /* best-burritoTests.xctest */;
			productType = "com.apple.product-type.bundle.unit-test";
		};
		4299ACFA1DA5792D00C6F4D1 /* best-burritoUITests */ = {
			isa = PBXNativeTarget;
			buildConfigurationList = 4299AD0A1DA5792D00C6F4D1 /* Build configuration list for PBXNativeTarget "best-burritoUITests" */;
			buildPhases = (
				2060D40EAA6B2CC707FA22D4 /* [CP] Check Pods Manifest.lock */,
				4299ACF71DA5792D00C6F4D1 /* Sources */,
				4299ACF81DA5792D00C6F4D1 /* Frameworks */,
				4299ACF91DA5792D00C6F4D1 /* Resources */,
				C1703C87725C6C286E8AB4A5 /* [CP] Copy Pods Resources */,
			);
			buildRules = (
			);
			dependencies = (
				4299ACFD1DA5792D00C6F4D1 /* PBXTargetDependency */,
			);
			name = "best-burritoUITests";
			productName = "best-burritoUITests";
			productReference = 4299ACFB1DA5792D00C6F4D1 /* best-burritoUITests.xctest */;
			productType = "com.apple.product-type.bundle.ui-testing";
		};
/* End PBXNativeTarget section */

/* Begin PBXProject section */
		4299ACD41DA5792C00C6F4D1 /* Project object */ = {
			isa = PBXProject;
			attributes = {
				LastSwiftUpdateCheck = 0730;
				LastUpgradeCheck = 0800;
				ORGANIZATIONNAME = "Lisa Hackenberger";
				TargetAttributes = {
					4299ACDB1DA5792C00C6F4D1 = {
						CreatedOnToolsVersion = 7.3.1;
						LastSwiftMigration = 0810;
					};
					4299ACEF1DA5792D00C6F4D1 = {
						CreatedOnToolsVersion = 7.3.1;
						LastSwiftMigration = 0800;
						TestTargetID = 4299ACDB1DA5792C00C6F4D1;
					};
					4299ACFA1DA5792D00C6F4D1 = {
						CreatedOnToolsVersion = 7.3.1;
						LastSwiftMigration = 0800;
						TestTargetID = 4299ACDB1DA5792C00C6F4D1;
					};
				};
			};
			buildConfigurationList = 4299ACD71DA5792C00C6F4D1 /* Build configuration list for PBXProject "best-burrito" */;
			compatibilityVersion = "Xcode 3.2";
			developmentRegion = English;
			hasScannedForEncodings = 0;
			knownRegions = (
				en,
				Base,
			);
			mainGroup = 4299ACD31DA5792C00C6F4D1;
			productRefGroup = 4299ACDD1DA5792C00C6F4D1 /* Products */;
			projectDirPath = "";
			projectRoot = "";
			targets = (
				4299ACDB1DA5792C00C6F4D1 /* best-burrito */,
				4299ACEF1DA5792D00C6F4D1 /* best-burritoTests */,
				4299ACFA1DA5792D00C6F4D1 /* best-burritoUITests */,
			);
		};
/* End PBXProject section */

/* Begin PBXResourcesBuildPhase section */
		4299ACDA1DA5792C00C6F4D1 /* Resources */ = {
			isa = PBXResourcesBuildPhase;
			buildActionMask = 2147483647;
			files = (
				4299ACEA1DA5792D00C6F4D1 /* LaunchScreen.storyboard in Resources */,
				42200D5F1DA5AA6100495C51 /* GoogleService-Info.plist in Resources */,
				4299ACE71DA5792D00C6F4D1 /* Assets.xcassets in Resources */,
				4299ACE51DA5792D00C6F4D1 /* Main.storyboard in Resources */,
			);
			runOnlyForDeploymentPostprocessing = 0;
		};
		4299ACEE1DA5792D00C6F4D1 /* Resources */ = {
			isa = PBXResourcesBuildPhase;
			buildActionMask = 2147483647;
			files = (
			);
			runOnlyForDeploymentPostprocessing = 0;
		};
		4299ACF91DA5792D00C6F4D1 /* Resources */ = {
			isa = PBXResourcesBuildPhase;
			buildActionMask = 2147483647;
			files = (
			);
			runOnlyForDeploymentPostprocessing = 0;
		};
/* End PBXResourcesBuildPhase section */

/* Begin PBXShellScriptBuildPhase section */
		05900D961029C110BD194120 /* [CP] Copy Pods Resources */ = {
			isa = PBXShellScriptBuildPhase;
			buildActionMask = 2147483647;
			files = (
			);
			inputPaths = (
			);
			name = "[CP] Copy Pods Resources";
			outputPaths = (
			);
			runOnlyForDeploymentPostprocessing = 0;
			shellPath = /bin/sh;
			shellScript = "\"${SRCROOT}/Pods/Target Support Files/Pods-best-burritoTests/Pods-best-burritoTests-resources.sh\"\n";
			showEnvVarsInLog = 0;
		};
		2060D40EAA6B2CC707FA22D4 /* [CP] Check Pods Manifest.lock */ = {
			isa = PBXShellScriptBuildPhase;
			buildActionMask = 2147483647;
			files = (
			);
			inputPaths = (
			);
			name = "[CP] Check Pods Manifest.lock";
			outputPaths = (
			);
			runOnlyForDeploymentPostprocessing = 0;
			shellPath = /bin/sh;
			shellScript = "diff \"${PODS_ROOT}/../Podfile.lock\" \"${PODS_ROOT}/Manifest.lock\" > /dev/null\nif [[ $? != 0 ]] ; then\n    cat << EOM\nerror: The sandbox is not in sync with the Podfile.lock. Run 'pod install' or update your CocoaPods installation.\nEOM\n    exit 1\nfi\n";
			showEnvVarsInLog = 0;
		};
		6F69403D553C8C80F10CE0F8 /* [CP] Check Pods Manifest.lock */ = {
			isa = PBXShellScriptBuildPhase;
			buildActionMask = 2147483647;
			files = (
			);
			inputPaths = (
			);
			name = "[CP] Check Pods Manifest.lock";
			outputPaths = (
			);
			runOnlyForDeploymentPostprocessing = 0;
			shellPath = /bin/sh;
			shellScript = "diff \"${PODS_ROOT}/../Podfile.lock\" \"${PODS_ROOT}/Manifest.lock\" > /dev/null\nif [[ $? != 0 ]] ; then\n    cat << EOM\nerror: The sandbox is not in sync with the Podfile.lock. Run 'pod install' or update your CocoaPods installation.\nEOM\n    exit 1\nfi\n";
			showEnvVarsInLog = 0;
		};
		8C185882D4FDCCC13BDFA2BC /* [CP] Embed Pods Frameworks */ = {
			isa = PBXShellScriptBuildPhase;
			buildActionMask = 2147483647;
			files = (
			);
			inputPaths = (
			);
			name = "[CP] Embed Pods Frameworks";
			outputPaths = (
			);
			runOnlyForDeploymentPostprocessing = 0;
			shellPath = /bin/sh;
			shellScript = "\"${SRCROOT}/Pods/Target Support Files/Pods-best-burrito/Pods-best-burrito-frameworks.sh\"\n";
			showEnvVarsInLog = 0;
		};
		C1703C87725C6C286E8AB4A5 /* [CP] Copy Pods Resources */ = {
			isa = PBXShellScriptBuildPhase;
			buildActionMask = 2147483647;
			files = (
			);
			inputPaths = (
			);
			name = "[CP] Copy Pods Resources";
			outputPaths = (
			);
			runOnlyForDeploymentPostprocessing = 0;
			shellPath = /bin/sh;
			shellScript = "\"${SRCROOT}/Pods/Target Support Files/Pods-best-burritoUITests/Pods-best-burritoUITests-resources.sh\"\n";
			showEnvVarsInLog = 0;
		};
		D2F791DB2F73BF5C4C01A6C4 /* [CP] Check Pods Manifest.lock */ = {
			isa = PBXShellScriptBuildPhase;
			buildActionMask = 2147483647;
			files = (
			);
			inputPaths = (
			);
			name = "[CP] Check Pods Manifest.lock";
			outputPaths = (
			);
			runOnlyForDeploymentPostprocessing = 0;
			shellPath = /bin/sh;
			shellScript = "diff \"${PODS_ROOT}/../Podfile.lock\" \"${PODS_ROOT}/Manifest.lock\" > /dev/null\nif [[ $? != 0 ]] ; then\n    cat << EOM\nerror: The sandbox is not in sync with the Podfile.lock. Run 'pod install' or update your CocoaPods installation.\nEOM\n    exit 1\nfi\n";
			showEnvVarsInLog = 0;
		};
		DFB674200086FEC27C19A7DC /* [CP] Embed Pods Frameworks */ = {
			isa = PBXShellScriptBuildPhase;
			buildActionMask = 2147483647;
			files = (
			);
			inputPaths = (
			);
			name = "[CP] Embed Pods Frameworks";
			outputPaths = (
			);
			runOnlyForDeploymentPostprocessing = 0;
			shellPath = /bin/sh;
			shellScript = "\"${SRCROOT}/Pods/Target Support Files/Pods-best-burritoTests/Pods-best-burritoTests-frameworks.sh\"\n";
			showEnvVarsInLog = 0;
		};
		E7BC11B1209DDC88C9029262 /* [CP] Copy Pods Resources */ = {
			isa = PBXShellScriptBuildPhase;
			buildActionMask = 2147483647;
			files = (
			);
			inputPaths = (
			);
			name = "[CP] Copy Pods Resources";
			outputPaths = (
			);
			runOnlyForDeploymentPostprocessing = 0;
			shellPath = /bin/sh;
			shellScript = "\"${SRCROOT}/Pods/Target Support Files/Pods-best-burrito/Pods-best-burrito-resources.sh\"\n";
			showEnvVarsInLog = 0;
		};
/* End PBXShellScriptBuildPhase section */

/* Begin PBXSourcesBuildPhase section */
		4299ACD81DA5792C00C6F4D1 /* Sources */ = {
			isa = PBXSourcesBuildPhase;
			buildActionMask = 2147483647;
			files = (
				42EA0F0E1DA614E900D284CF /* RateViewController.swift in Sources */,
				426098781DCECE1F00C22F17 /* RestaurantItem.swift in Sources */,
				4299ACE21DA5792C00C6F4D1 /* HomeViewController.swift in Sources */,
				4209E8611DF9162400727FF5 /* Place.swift in Sources */,
				4299ACE01DA5792C00C6F4D1 /* AppDelegate.swift in Sources */,
				421473DD1DCC336500DF4DF7 /* BurritoItem.swift in Sources */,
				42A51DC51DB1E5BF0091FD8C /* FindViewController.swift in Sources */,
				42C7F7661DF221170023FBD8 /* DetailViewController.swift in Sources */,
			);
			runOnlyForDeploymentPostprocessing = 0;
		};
		4299ACEC1DA5792D00C6F4D1 /* Sources */ = {
			isa = PBXSourcesBuildPhase;
			buildActionMask = 2147483647;
			files = (
				4299ACF51DA5792D00C6F4D1 /* best_burritoTests.swift in Sources */,
			);
			runOnlyForDeploymentPostprocessing = 0;
		};
		4299ACF71DA5792D00C6F4D1 /* Sources */ = {
			isa = PBXSourcesBuildPhase;
			buildActionMask = 2147483647;
			files = (
				4299AD001DA5792D00C6F4D1 /* best_burritoUITests.swift in Sources */,
			);
			runOnlyForDeploymentPostprocessing = 0;
		};
/* End PBXSourcesBuildPhase section */

/* Begin PBXTargetDependency section */
		4299ACF21DA5792D00C6F4D1 /* PBXTargetDependency */ = {
			isa = PBXTargetDependency;
			target = 4299ACDB1DA5792C00C6F4D1 /* best-burrito */;
			targetProxy = 4299ACF11DA5792D00C6F4D1 /* PBXContainerItemProxy */;
		};
		4299ACFD1DA5792D00C6F4D1 /* PBXTargetDependency */ = {
			isa = PBXTargetDependency;
			target = 4299ACDB1DA5792C00C6F4D1 /* best-burrito */;
			targetProxy = 4299ACFC1DA5792D00C6F4D1 /* PBXContainerItemProxy */;
		};
/* End PBXTargetDependency section */

/* Begin PBXVariantGroup section */
		4299ACE31DA5792D00C6F4D1 /* Main.storyboard */ = {
			isa = PBXVariantGroup;
			children = (
				4299ACE41DA5792D00C6F4D1 /* Base */,
			);
			name = Main.storyboard;
			sourceTree = "<group>";
		};
		4299ACE81DA5792D00C6F4D1 /* LaunchScreen.storyboard */ = {
			isa = PBXVariantGroup;
			children = (
				4299ACE91DA5792D00C6F4D1 /* Base */,
			);
			name = LaunchScreen.storyboard;
			sourceTree = "<group>";
		};
/* End PBXVariantGroup section */

/* Begin XCBuildConfiguration section */
		4299AD021DA5792D00C6F4D1 /* Debug */ = {
			isa = XCBuildConfiguration;
			buildSettings = {
				ALWAYS_SEARCH_USER_PATHS = NO;
				CLANG_ANALYZER_NONNULL = YES;
				CLANG_CXX_LANGUAGE_STANDARD = "gnu++0x";
				CLANG_CXX_LIBRARY = "libc++";
				CLANG_ENABLE_MODULES = YES;
				CLANG_ENABLE_OBJC_ARC = YES;
				CLANG_WARN_BOOL_CONVERSION = YES;
				CLANG_WARN_CONSTANT_CONVERSION = YES;
				CLANG_WARN_DIRECT_OBJC_ISA_USAGE = YES_ERROR;
				CLANG_WARN_EMPTY_BODY = YES;
				CLANG_WARN_ENUM_CONVERSION = YES;
				CLANG_WARN_INFINITE_RECURSION = YES;
				CLANG_WARN_INT_CONVERSION = YES;
				CLANG_WARN_OBJC_ROOT_CLASS = YES_ERROR;
				CLANG_WARN_SUSPICIOUS_MOVE = YES;
				CLANG_WARN_UNREACHABLE_CODE = YES;
				CLANG_WARN__DUPLICATE_METHOD_MATCH = YES;
				"CODE_SIGN_IDENTITY[sdk=iphoneos*]" = "iPhone Developer";
				COPY_PHASE_STRIP = NO;
				DEBUG_INFORMATION_FORMAT = dwarf;
				ENABLE_STRICT_OBJC_MSGSEND = YES;
				ENABLE_TESTABILITY = YES;
				GCC_C_LANGUAGE_STANDARD = gnu99;
				GCC_DYNAMIC_NO_PIC = NO;
				GCC_NO_COMMON_BLOCKS = YES;
				GCC_OPTIMIZATION_LEVEL = 0;
				GCC_PREPROCESSOR_DEFINITIONS = (
					"DEBUG=1",
					"$(inherited)",
				);
				GCC_WARN_64_TO_32_BIT_CONVERSION = YES;
				GCC_WARN_ABOUT_RETURN_TYPE = YES_ERROR;
				GCC_WARN_UNDECLARED_SELECTOR = YES;
				GCC_WARN_UNINITIALIZED_AUTOS = YES_AGGRESSIVE;
				GCC_WARN_UNUSED_FUNCTION = YES;
				GCC_WARN_UNUSED_VARIABLE = YES;
				IPHONEOS_DEPLOYMENT_TARGET = 9.3;
				MTL_ENABLE_DEBUG_INFO = YES;
				ONLY_ACTIVE_ARCH = YES;
				SDKROOT = iphoneos;
				SWIFT_OPTIMIZATION_LEVEL = "-Onone";
				TARGETED_DEVICE_FAMILY = "1,2";
			};
			name = Debug;
		};
		4299AD031DA5792D00C6F4D1 /* Release */ = {
			isa = XCBuildConfiguration;
			buildSettings = {
				ALWAYS_SEARCH_USER_PATHS = NO;
				CLANG_ANALYZER_NONNULL = YES;
				CLANG_CXX_LANGUAGE_STANDARD = "gnu++0x";
				CLANG_CXX_LIBRARY = "libc++";
				CLANG_ENABLE_MODULES = YES;
				CLANG_ENABLE_OBJC_ARC = YES;
				CLANG_WARN_BOOL_CONVERSION = YES;
				CLANG_WARN_CONSTANT_CONVERSION = YES;
				CLANG_WARN_DIRECT_OBJC_ISA_USAGE = YES_ERROR;
				CLANG_WARN_EMPTY_BODY = YES;
				CLANG_WARN_ENUM_CONVERSION = YES;
				CLANG_WARN_INFINITE_RECURSION = YES;
				CLANG_WARN_INT_CONVERSION = YES;
				CLANG_WARN_OBJC_ROOT_CLASS = YES_ERROR;
				CLANG_WARN_SUSPICIOUS_MOVE = YES;
				CLANG_WARN_UNREACHABLE_CODE = YES;
				CLANG_WARN__DUPLICATE_METHOD_MATCH = YES;
				"CODE_SIGN_IDENTITY[sdk=iphoneos*]" = "iPhone Developer";
				COPY_PHASE_STRIP = NO;
				DEBUG_INFORMATION_FORMAT = "dwarf-with-dsym";
				ENABLE_NS_ASSERTIONS = NO;
				ENABLE_STRICT_OBJC_MSGSEND = YES;
				GCC_C_LANGUAGE_STANDARD = gnu99;
				GCC_NO_COMMON_BLOCKS = YES;
				GCC_WARN_64_TO_32_BIT_CONVERSION = YES;
				GCC_WARN_ABOUT_RETURN_TYPE = YES_ERROR;
				GCC_WARN_UNDECLARED_SELECTOR = YES;
				GCC_WARN_UNINITIALIZED_AUTOS = YES_AGGRESSIVE;
				GCC_WARN_UNUSED_FUNCTION = YES;
				GCC_WARN_UNUSED_VARIABLE = YES;
				IPHONEOS_DEPLOYMENT_TARGET = 9.3;
				MTL_ENABLE_DEBUG_INFO = NO;
				SDKROOT = iphoneos;
				SWIFT_OPTIMIZATION_LEVEL = "-Owholemodule";
				TARGETED_DEVICE_FAMILY = "1,2";
				VALIDATE_PRODUCT = YES;
			};
			name = Release;
		};
		4299AD051DA5792D00C6F4D1 /* Debug */ = {
			isa = XCBuildConfiguration;
			baseConfigurationReference = 9F57D4DFE0C3DA8964F1813C /* Pods-best-burrito.debug.xcconfig */;
			buildSettings = {
				ASSETCATALOG_COMPILER_APPICON_NAME = AppIcon;
				CLANG_ENABLE_MODULES = YES;
				INFOPLIST_FILE = "best-burrito/Info.plist";
				LD_RUNPATH_SEARCH_PATHS = "$(inherited) @executable_path/Frameworks";
				PRODUCT_BUNDLE_IDENTIFIER = "com.risachi.best-burrito";
				PRODUCT_NAME = "$(TARGET_NAME)";
				SWIFT_OBJC_BRIDGING_HEADER = "best-burrito/best-burrito-Bridging-Header.h";
				SWIFT_OPTIMIZATION_LEVEL = "-Onone";
				SWIFT_VERSION = 3.0;
			};
			name = Debug;
		};
		4299AD061DA5792D00C6F4D1 /* Release */ = {
			isa = XCBuildConfiguration;
			baseConfigurationReference = 92BE6862B2B0DA4C99B44325 /* Pods-best-burrito.release.xcconfig */;
			buildSettings = {
				ASSETCATALOG_COMPILER_APPICON_NAME = AppIcon;
				CLANG_ENABLE_MODULES = YES;
				INFOPLIST_FILE = "best-burrito/Info.plist";
				LD_RUNPATH_SEARCH_PATHS = "$(inherited) @executable_path/Frameworks";
				PRODUCT_BUNDLE_IDENTIFIER = "com.risachi.best-burrito";
				PRODUCT_NAME = "$(TARGET_NAME)";
				SWIFT_OBJC_BRIDGING_HEADER = "best-burrito/best-burrito-Bridging-Header.h";
				SWIFT_VERSION = 3.0;
			};
			name = Release;
		};
		4299AD081DA5792D00C6F4D1 /* Debug */ = {
			isa = XCBuildConfiguration;
			baseConfigurationReference = 4526C1D8A89302FD97A3F2BB /* Pods-best-burritoTests.debug.xcconfig */;
			buildSettings = {
				BUNDLE_LOADER = "$(TEST_HOST)";
				INFOPLIST_FILE = "best-burritoTests/Info.plist";
				LD_RUNPATH_SEARCH_PATHS = "$(inherited) @executable_path/Frameworks @loader_path/Frameworks";
				PRODUCT_BUNDLE_IDENTIFIER = "com.risachi.best-burritoTests";
				PRODUCT_NAME = "$(TARGET_NAME)";
				SWIFT_VERSION = 3.0;
				TEST_HOST = "$(BUILT_PRODUCTS_DIR)/best-burrito.app/best-burrito";
			};
			name = Debug;
		};
		4299AD091DA5792D00C6F4D1 /* Release */ = {
			isa = XCBuildConfiguration;
			baseConfigurationReference = AB99B3637785F4C637AE3F70 /* Pods-best-burritoTests.release.xcconfig */;
			buildSettings = {
				BUNDLE_LOADER = "$(TEST_HOST)";
				INFOPLIST_FILE = "best-burritoTests/Info.plist";
				LD_RUNPATH_SEARCH_PATHS = "$(inherited) @executable_path/Frameworks @loader_path/Frameworks";
				PRODUCT_BUNDLE_IDENTIFIER = "com.risachi.best-burritoTests";
				PRODUCT_NAME = "$(TARGET_NAME)";
				SWIFT_VERSION = 3.0;
				TEST_HOST = "$(BUILT_PRODUCTS_DIR)/best-burrito.app/best-burrito";
			};
			name = Release;
		};
		4299AD0B1DA5792D00C6F4D1 /* Debug */ = {
			isa = XCBuildConfiguration;
			baseConfigurationReference = E26B77A7C6E8EB10BEAE603F /* Pods-best-burritoUITests.debug.xcconfig */;
			buildSettings = {
				INFOPLIST_FILE = "best-burritoUITests/Info.plist";
				LD_RUNPATH_SEARCH_PATHS = "$(inherited) @executable_path/Frameworks @loader_path/Frameworks";
				PRODUCT_BUNDLE_IDENTIFIER = "com.risachi.best-burritoUITests";
				PRODUCT_NAME = "$(TARGET_NAME)";
				SWIFT_VERSION = 3.0;
				TEST_TARGET_NAME = "best-burrito";
			};
			name = Debug;
		};
		4299AD0C1DA5792D00C6F4D1 /* Release */ = {
			isa = XCBuildConfiguration;
			baseConfigurationReference = 454D246E52929FF883661825 /* Pods-best-burritoUITests.release.xcconfig */;
			buildSettings = {
				INFOPLIST_FILE = "best-burritoUITests/Info.plist";
				LD_RUNPATH_SEARCH_PATHS = "$(inherited) @executable_path/Frameworks @loader_path/Frameworks";
				PRODUCT_BUNDLE_IDENTIFIER = "com.risachi.best-burritoUITests";
				PRODUCT_NAME = "$(TARGET_NAME)";
				SWIFT_VERSION = 3.0;
				TEST_TARGET_NAME = "best-burrito";
			};
			name = Release;
		};
/* End XCBuildConfiguration section */

/* Begin XCConfigurationList section */
		4299ACD71DA5792C00C6F4D1 /* Build configuration list for PBXProject "best-burrito" */ = {
			isa = XCConfigurationList;
			buildConfigurations = (
				4299AD021DA5792D00C6F4D1 /* Debug */,
				4299AD031DA5792D00C6F4D1 /* Release */,
			);
			defaultConfigurationIsVisible = 0;
			defaultConfigurationName = Release;
		};
		4299AD041DA5792D00C6F4D1 /* Build configuration list for PBXNativeTarget "best-burrito" */ = {
			isa = XCConfigurationList;
			buildConfigurations = (
				4299AD051DA5792D00C6F4D1 /* Debug */,
				4299AD061DA5792D00C6F4D1 /* Release */,
			);
			defaultConfigurationIsVisible = 0;
			defaultConfigurationName = Release;
		};
		4299AD071DA5792D00C6F4D1 /* Build configuration list for PBXNativeTarget "best-burritoTests" */ = {
			isa = XCConfigurationList;
			buildConfigurations = (
				4299AD081DA5792D00C6F4D1 /* Debug */,
				4299AD091DA5792D00C6F4D1 /* Release */,
			);
			defaultConfigurationIsVisible = 0;
			defaultConfigurationName = Release;
		};
		4299AD0A1DA5792D00C6F4D1 /* Build configuration list for PBXNativeTarget "best-burritoUITests" */ = {
			isa = XCConfigurationList;
			buildConfigurations = (
				4299AD0B1DA5792D00C6F4D1 /* Debug */,
				4299AD0C1DA5792D00C6F4D1 /* Release */,
			);
			defaultConfigurationIsVisible = 0;
			defaultConfigurationName = Release;
		};
/* End XCConfigurationList section */
	};
	rootObject = 4299ACD41DA5792C00C6F4D1 /* Project object */;
}
